<?xml version="1.0" encoding="utf-8"?>
<Project ToolsVersion="4.0" xmlns="http://schemas.microsoft.com/developer/msbuild/2003">
  <ItemGroup>
    <Filter Include="Source Files">
      <UniqueIdentifier>{4FC737F1-C7A5-4376-A066-2A32D752A2FF}</UniqueIdentifier>
      <Extensions>cpp;c;cc;cxx;def;odl;idl;hpj;bat;asm;asmx</Extensions>
    </Filter>
    <Filter Include="Header Files">
      <UniqueIdentifier>{93995380-89BD-4b04-88EB-625FBE52EBFB}</UniqueIdentifier>
      <Extensions>h;hh;hpp;hxx;hm;inl;inc;xsd</Extensions>
    </Filter>
    <Filter Include="Resource Files">
      <UniqueIdentifier>{67DA6AB6-F800-4c08-8B7A-83BB121AAD01}</UniqueIdentifier>
      <Extensions>rc;ico;cur;bmp;dlg;rc2;rct;bin;rgs;gif;jpg;jpeg;jpe;resx;tiff;tif;png;wav</Extensions>
    </Filter>
  </ItemGroup>
  <ItemGroup>
    <ClCompile Include="Camera.cpp">
      <Filter>Source Files</Filter>
    </ClCompile>
    <ClCompile Include="d3dUtil.cpp">
      <Filter>Source Files</Filter>
    </ClCompile>
    <ClCompile Include="FrameResource.cpp">
      <Filter>Source Files</Filter>
    </ClCompile>
    <ClCompile Include="GameTimer.cpp">
      <Filter>Source Files</Filter>
    </ClCompile>
    <ClCompile Include="GeometryGenerator.cpp">
      <Filter>Source Files</Filter>
    </ClCompile>
    <ClCompile Include="ImGuiSettings.cpp">
      <Filter>Source Files</Filter>
    </ClCompile>
    <ClCompile Include="MathHelper.cpp">
      <Filter>Source Files</Filter>
    </ClCompile>
    <ClCompile Include="Mesh.cpp">
      <Filter>Source Files</Filter>
    </ClCompile>
    <ClCompile Include="Model.cpp">
      <Filter>Source Files</Filter>
    </ClCompile>
    <ClCompile Include="PassConstants.cpp">
      <Filter>Source Files</Filter>
    </ClCompile>
    <ClCompile Include="RenderItem.cpp">
      <Filter>Source Files</Filter>
    </ClCompile>
    <ClCompile Include="Texture.cpp">
      <Filter>Source Files</Filter>
    </ClCompile>
    <ClCompile Include="dx12\DescriptorHeap.cpp">
      <Filter>Source Files</Filter>
    </ClCompile>
    <ClCompile Include="dx12\Device.cpp">
      <Filter>Source Files</Filter>
    </ClCompile>
    <ClCompile Include="dx12\PipelineStates.cpp">
      <Filter>Source Files</Filter>
    </ClCompile>
    <ClCompile Include="dx12\PSO.cpp">
      <Filter>Source Files</Filter>
    </ClCompile>
    <ClCompile Include="dx12\RootSignature.cpp">
      <Filter>Source Files</Filter>
    </ClCompile>
  </ItemGroup>
  <ItemGroup>
    <None Include="assimp_include\assimp\color4.inl">
      <Filter>Header Files</Filter>
    </None>
    <None Include="assimp_include\assimp\material.inl">
      <Filter>Header Files</Filter>
    </None>
    <None Include="assimp_include\assimp\matrix3x3.inl">
      <Filter>Header Files</Filter>
    </None>
    <None Include="assimp_include\assimp\matrix4x4.inl">
      <Filter>Header Files</Filter>
    </None>
    <None Include="assimp_include\assimp\quaternion.inl">
      <Filter>Header Files</Filter>
    </None>
    <None Include="assimp_include\assimp\SmoothingGroups.inl">
      <Filter>Header Files</Filter>
    </None>
    <None Include="assimp_include\assimp\vector2.inl">
      <Filter>Header Files</Filter>
    </None>
    <None Include="assimp_include\assimp\vector3.inl">
      <Filter>Header Files</Filter>
    </None>
  </ItemGroup>
  <ItemGroup>
    <ClInclude Include="assimp_include\assimp\aabb.h">
      <Filter>Header Files</Filter>
    </ClInclude>
    <ClInclude Include="assimp_include\assimp\ai_assert.h">
      <Filter>Header Files</Filter>
    </ClInclude>
    <ClInclude Include="assimp_include\assimp\anim.h">
      <Filter>Header Files</Filter>
    </ClInclude>
    <ClInclude Include="assimp_include\assimp\BaseImporter.h">
      <Filter>Header Files</Filter>
    </ClInclude>
    <ClInclude Include="assimp_include\assimp\Bitmap.h">
      <Filter>Header Files</Filter>
    </ClInclude>
    <ClInclude Include="assimp_include\assimp\BlobIOSystem.h">
      <Filter>Header Files</Filter>
    </ClInclude>
    <ClInclude Include="assimp_include\assimp\ByteSwapper.h">
      <Filter>Header Files</Filter>
    </ClInclude>
    <ClInclude Include="assimp_include\assimp\camera.h">
      <Filter>Header Files</Filter>
    </ClInclude>
    <ClInclude Include="assimp_include\assimp\cexport.h">
      <Filter>Header Files</Filter>
    </ClInclude>
    <ClInclude Include="assimp_include\assimp\cfileio.h">
      <Filter>Header Files</Filter>
    </ClInclude>
    <ClInclude Include="assimp_include\assimp\cimport.h">
      <Filter>Header Files</Filter>
    </ClInclude>
    <ClInclude Include="assimp_include\assimp\ColladaMetaData.h">
      <Filter>Header Files</Filter>
    </ClInclude>
    <ClInclude Include="assimp_include\assimp\color4.h">
      <Filter>Header Files</Filter>
    </ClInclude>
    <ClInclude Include="assimp_include\assimp\commonMetaData.h">
      <Filter>Header Files</Filter>
    </ClInclude>
    <ClInclude Include="assimp_include\assimp\config.h">
      <Filter>Header Files</Filter>
    </ClInclude>
    <ClInclude Include="assimp_include\assimp\CreateAnimMesh.h">
      <Filter>Header Files</Filter>
    </ClInclude>
    <ClInclude Include="assimp_include\assimp\DefaultIOStream.h">
      <Filter>Header Files</Filter>
    </ClInclude>
    <ClInclude Include="assimp_include\assimp\DefaultIOSystem.h">
      <Filter>Header Files</Filter>
    </ClInclude>
    <ClInclude Include="assimp_include\assimp\defs.h">
      <Filter>Header Files</Filter>
    </ClInclude>
    <ClInclude Include="assimp_include\assimp\Exceptional.h">
      <Filter>Header Files</Filter>
    </ClInclude>
    <ClInclude Include="assimp_include\assimp\fast_atof.h">
      <Filter>Header Files</Filter>
    </ClInclude>
    <ClInclude Include="assimp_include\assimp\GenericProperty.h">
      <Filter>Header Files</Filter>
    </ClInclude>
    <ClInclude Include="assimp_include\assimp\GltfMaterial.h">
      <Filter>Header Files</Filter>
    </ClInclude>
    <ClInclude Include="assimp_include\assimp\Hash.h">
      <Filter>Header Files</Filter>
    </ClInclude>
    <ClInclude Include="assimp_include\assimp\importerdesc.h">
      <Filter>Header Files</Filter>
    </ClInclude>
    <ClInclude Include="assimp_include\assimp\IOStreamBuffer.h">
      <Filter>Header Files</Filter>
    </ClInclude>
    <ClInclude Include="assimp_include\assimp\light.h">
      <Filter>Header Files</Filter>
    </ClInclude>
    <ClInclude Include="assimp_include\assimp\LineSplitter.h">
      <Filter>Header Files</Filter>
    </ClInclude>
    <ClInclude Include="assimp_include\assimp\LogAux.h">
      <Filter>Header Files</Filter>
    </ClInclude>
    <ClInclude Include="assimp_include\assimp\material.h">
      <Filter>Header Files</Filter>
    </ClInclude>
    <ClInclude Include="assimp_include\assimp\MathFunctions.h">
      <Filter>Header Files</Filter>
    </ClInclude>
    <ClInclude Include="assimp_include\assimp\matrix3x3.h">
      <Filter>Header Files</Filter>
    </ClInclude>
    <ClInclude Include="assimp_include\assimp\matrix4x4.h">
      <Filter>Header Files</Filter>
    </ClInclude>
    <ClInclude Include="assimp_include\assimp\MemoryIOWrapper.h">
      <Filter>Header Files</Filter>
    </ClInclude>
    <ClInclude Include="assimp_include\assimp\mesh.h">
      <Filter>Header Files</Filter>
    </ClInclude>
    <ClInclude Include="assimp_include\assimp\metadata.h">
      <Filter>Header Files</Filter>
    </ClInclude>
    <ClInclude Include="assimp_include\assimp\ObjMaterial.h">
      <Filter>Header Files</Filter>
    </ClInclude>
    <ClInclude Include="assimp_include\assimp\ParsingUtils.h">
      <Filter>Header Files</Filter>
    </ClInclude>
    <ClInclude Include="assimp_include\assimp\pbrmaterial.h">
      <Filter>Header Files</Filter>
    </ClInclude>
    <ClInclude Include="assimp_include\assimp\postprocess.h">
      <Filter>Header Files</Filter>
    </ClInclude>
    <ClInclude Include="assimp_include\assimp\Profiler.h">
      <Filter>Header Files</Filter>
    </ClInclude>
    <ClInclude Include="assimp_include\assimp\qnan.h">
      <Filter>Header Files</Filter>
    </ClInclude>
    <ClInclude Include="assimp_include\assimp\quaternion.h">
      <Filter>Header Files</Filter>
    </ClInclude>
    <ClInclude Include="assimp_include\assimp\RemoveComments.h">
      <Filter>Header Files</Filter>
    </ClInclude>
    <ClInclude Include="assimp_include\assimp\scene.h">
      <Filter>Header Files</Filter>
    </ClInclude>
    <ClInclude Include="assimp_include\assimp\SceneCombiner.h">
      <Filter>Header Files</Filter>
    </ClInclude>
    <ClInclude Include="assimp_include\assimp\SGSpatialSort.h">
      <Filter>Header Files</Filter>
    </ClInclude>
    <ClInclude Include="assimp_include\assimp\SkeletonMeshBuilder.h">
      <Filter>Header Files</Filter>
    </ClInclude>
    <ClInclude Include="assimp_include\assimp\SmallVector.h">
      <Filter>Header Files</Filter>
    </ClInclude>
    <ClInclude Include="assimp_include\assimp\SmoothingGroups.h">
      <Filter>Header Files</Filter>
    </ClInclude>
    <ClInclude Include="assimp_include\assimp\SpatialSort.h">
      <Filter>Header Files</Filter>
    </ClInclude>
    <ClInclude Include="assimp_include\assimp\StandardShapes.h">
      <Filter>Header Files</Filter>
    </ClInclude>
    <ClInclude Include="assimp_include\assimp\StreamReader.h">
      <Filter>Header Files</Filter>
    </ClInclude>
    <ClInclude Include="assimp_include\assimp\StreamWriter.h">
      <Filter>Header Files</Filter>
    </ClInclude>
    <ClInclude Include="assimp_include\assimp\StringComparison.h">
      <Filter>Header Files</Filter>
    </ClInclude>
    <ClInclude Include="assimp_include\assimp\StringUtils.h">
      <Filter>Header Files</Filter>
    </ClInclude>
    <ClInclude Include="assimp_include\assimp\Subdivision.h">
      <Filter>Header Files</Filter>
    </ClInclude>
    <ClInclude Include="assimp_include\assimp\texture.h">
      <Filter>Header Files</Filter>
    </ClInclude>
    <ClInclude Include="assimp_include\assimp\TinyFormatter.h">
      <Filter>Header Files</Filter>
    </ClInclude>
    <ClInclude Include="assimp_include\assimp\types.h">
      <Filter>Header Files</Filter>
    </ClInclude>
    <ClInclude Include="assimp_include\assimp\vector2.h">
      <Filter>Header Files</Filter>
    </ClInclude>
    <ClInclude Include="assimp_include\assimp\vector3.h">
      <Filter>Header Files</Filter>
    </ClInclude>
    <ClInclude Include="assimp_include\assimp\version.h">
      <Filter>Header Files</Filter>
    </ClInclude>
    <ClInclude Include="assimp_include\assimp\Vertex.h">
      <Filter>Header Files</Filter>
    </ClInclude>
    <ClInclude Include="assimp_include\assimp\XmlParser.h">
      <Filter>Header Files</Filter>
    </ClInclude>
    <ClInclude Include="assimp_include\assimp\XMLTools.h">
      <Filter>Header Files</Filter>
    </ClInclude>
    <ClInclude Include="assimp_include\assimp\ZipArchiveIOSystem.h">
      <Filter>Header Files</Filter>
    </ClInclude>
    <ClInclude Include="assimp_include\assimp\Base64.hpp">
      <Filter>Header Files</Filter>
    </ClInclude>
    <ClInclude Include="assimp_include\assimp\DefaultLogger.hpp">
      <Filter>Header Files</Filter>
    </ClInclude>
    <ClInclude Include="assimp_include\assimp\Exporter.hpp">
      <Filter>Header Files</Filter>
    </ClInclude>
    <ClInclude Include="assimp_include\assimp\Importer.hpp">
      <Filter>Header Files</Filter>
    </ClInclude>
    <ClInclude Include="assimp_include\assimp\IOStream.hpp">
      <Filter>Header Files</Filter>
    </ClInclude>
    <ClInclude Include="assimp_include\assimp\IOSystem.hpp">
      <Filter>Header Files</Filter>
    </ClInclude>
    <ClInclude Include="assimp_include\assimp\Logger.hpp">
      <Filter>Header Files</Filter>
    </ClInclude>
    <ClInclude Include="assimp_include\assimp\LogStream.hpp">
      <Filter>Header Files</Filter>
    </ClInclude>
    <ClInclude Include="assimp_include\assimp\NullLogger.hpp">
      <Filter>Header Files</Filter>
    </ClInclude>
    <ClInclude Include="assimp_include\assimp\ProgressHandler.hpp">
      <Filter>Header Files</Filter>
    </ClInclude>
    <ClInclude Include="assimp_include\assimp\compiler\poppack1.h">
      <Filter>Header Files</Filter>
    </ClInclude>
    <ClInclude Include="assimp_include\assimp\compiler\pstdint.h">
      <Filter>Header Files</Filter>
    </ClInclude>
    <ClInclude Include="assimp_include\assimp\compiler\pushpack1.h">
      <Filter>Header Files</Filter>
    </ClInclude>
    <ClInclude Include="assimp_include\assimp\port\androidjni\AndroidJNIIOSystem.h">
      <Filter>Header Files</Filter>
    </ClInclude>
    <ClInclude Include="assimp_include\assimp\port\androidjni\BundledAssetIOSystem.h">
      <Filter>Header Files</Filter>
    </ClInclude>
    <ClInclude Include="dx12\DescriptorHeap.h">
      <Filter>Header Files</Filter>
    </ClInclude>
    <ClInclude Include="dx12\Device.h">
      <Filter>Header Files</Filter>
    </ClInclude>
    <ClInclude Include="dx12\PipelineStates.h">
      <Filter>Header Files</Filter>
    </ClInclude>
    <ClInclude Include="dx12\PSO.h">
      <Filter>Header Files</Filter>
    </ClInclude>
    <ClInclude Include="dx12\RootSignature.h">
      <Filter>Header Files</Filter>
    </ClInclude>
    <ClInclude Include="include\Camera.h">
      <Filter>Header Files</Filter>
    </ClInclude>
    <ClInclude Include="include\common.h">
      <Filter>Header Files</Filter>
    </ClInclude>
    <ClInclude Include="include\d3dUtil.h">
      <Filter>Header Files</Filter>
    </ClInclude>
    <ClInclude Include="include\d3dx12.h">
      <Filter>Header Files</Filter>
    </ClInclude>
    <ClInclude Include="include\FrameResource.h">
      <Filter>Header Files</Filter>
    </ClInclude>
    <ClInclude Include="include\GameTimer.h">
      <Filter>Header Files</Filter>
    </ClInclude>
    <ClInclude Include="include\GeometryGenerator.h">
      <Filter>Header Files</Filter>
    </ClInclude>
    <ClInclude Include="include\ImGuiSettings.h">
      <Filter>Header Files</Filter>
    </ClInclude>
    <ClInclude Include="include\MathHelper.h">
      <Filter>Header Files</Filter>
    </ClInclude>
    <ClInclude Include="include\Mesh.h">
      <Filter>Header Files</Filter>
    </ClInclude>
    <ClInclude Include="include\Model.h">
      <Filter>Header Files</Filter>
    </ClInclude>
    <ClInclude Include="include\PassConstants.h">
      <Filter>Header Files</Filter>
    </ClInclude>
    <ClInclude Include="include\RenderItem.h">
      <Filter>Header Files</Filter>
    </ClInclude>
    <ClInclude Include="include\Texture.h">
      <Filter>Header Files</Filter>
    </ClInclude>
    <ClInclude Include="include\UploadBuffer.h">
      <Filter>Header Files</Filter>
    </ClInclude>
  </ItemGroup>
</Project>